
Microsoft Visual Studio Solution File, Format Version 12.00
# Visual Studio Version 17
VisualStudioVersion = 17.14.36221.1 d17.14
MinimumVisualStudioVersion = 10.0.40219.1
Project("{FAE04EC0-301F-11D3-BF4B-00C04F79EFBC}") = "Dumdum_InheritanceWithConstructor", "Dumdum_InheritanceWithConstructor\Dumdum_InheritanceWithConstructor.csproj", "{AEEB493D-B1AA-49D4-A00D-E97DA9113FBF}"
EndProject
Global
	GlobalSection(SolutionConfigurationPlatforms) = preSolution
		Debug|Any CPU = Debug|Any CPU
		Release|Any CPU = Release|Any CPU
	EndGlobalSection
	GlobalSection(ProjectConfigurationPlatforms) = postSolution
		{AEEB493D-B1AA-49D4-A00D-E97DA9113FBF}.Debug|Any CPU.ActiveCfg = Debug|Any CPU
		{AEEB493D-B1AA-49D4-A00D-E97DA9113FBF}.Debug|Any CPU.Build.0 = Debug|Any CPU
		{AEEB493D-B1AA-49D4-A00D-E97DA9113FBF}.Release|Any CPU.ActiveCfg = Release|Any CPU
		{AEEB493D-B1AA-49D4-A00D-E97DA9113FBF}.Release|Any CPU.Build.0 = Release|Any CPU
	EndGlobalSection
	GlobalSection(SolutionProperties) = preSolution
		HideSolutionNode = FALSE
	EndGlobalSection
	GlobalSection(ExtensibilityGlobals) = postSolution
		SolutionGuid = {A0216503-C27B-4B71-87EE-8AF685FE81E8}
	EndGlobalSection
EndGlobal
