
Microsoft Visual Studio Solution File, Format Version 12.00
# Visual Studio Version 17
VisualStudioVersion = 17.14.36221.1 d17.14
MinimumVisualStudioVersion = 10.0.40219.1
Project("{FAE04EC0-301F-11D3-BF4B-00C04F79EFBC}") = "Dumdum_SimpleInheritance", "Dumdum_SimpleInheritance\Dumdum_SimpleInheritance.csproj", "{699662A1-314A-466F-97FA-D288C0534D39}"
EndProject
Global
	GlobalSection(SolutionConfigurationPlatforms) = preSolution
		Debug|Any CPU = Debug|Any CPU
		Release|Any CPU = Release|Any CPU
	EndGlobalSection
	GlobalSection(ProjectConfigurationPlatforms) = postSolution
		{699662A1-314A-466F-97FA-D288C0534D39}.Debug|Any CPU.ActiveCfg = Debug|Any CPU
		{699662A1-314A-466F-97FA-D288C0534D39}.Debug|Any CPU.Build.0 = Debug|Any CPU
		{699662A1-314A-466F-97FA-D288C0534D39}.Release|Any CPU.ActiveCfg = Release|Any CPU
		{699662A1-314A-466F-97FA-D288C0534D39}.Release|Any CPU.Build.0 = Release|Any CPU
	EndGlobalSection
	GlobalSection(SolutionProperties) = preSolution
		HideSolutionNode = FALSE
	EndGlobalSection
	GlobalSection(ExtensibilityGlobals) = postSolution
		SolutionGuid = {BB76AFFC-E9B7-43F7-90E2-C819DE150C11}
	EndGlobalSection
EndGlobal
